
Microsoft Visual Studio Solution File, Format Version 12.00
# Visual Studio Version 17
VisualStudioVersion = 17.12.35707.178 d17.12
MinimumVisualStudioVersion = 10.0.40219.1
Project("{FAE04EC0-301F-11D3-BF4B-00C04F79EFBC}") = "Git", "Git.csproj", "{83D04DBF-C744-4190-B10A-F1C01487F249}"
EndProject
Project("{FAE04EC0-301F-11D3-BF4B-00C04F79EFBC}") = "Calculator", "H:\Тест\Приемочное тестирование\Calculator\Calculator.csproj", "{81CD5F0B-A144-4D1A-99F4-F6B29071CD12}"
EndProject
Project("{FAE04EC0-301F-11D3-BF4B-00C04F79EFBC}") = "CalculatorTests", "H:\Тест\Приемочное тестирование\CalculatorTests\CalculatorTests.csproj", "{908DC439-7AFB-4030-AF17-56875BD482A5}"
EndProject
Global
	GlobalSection(SolutionConfigurationPlatforms) = preSolution
		Debug|Any CPU = Debug|Any CPU
		Release|Any CPU = Release|Any CPU
	EndGlobalSection
	GlobalSection(ProjectConfigurationPlatforms) = postSolution
		{83D04DBF-C744-4190-B10A-F1C01487F249}.Debug|Any CPU.ActiveCfg = Debug|Any CPU
		{83D04DBF-C744-4190-B10A-F1C01487F249}.Debug|Any CPU.Build.0 = Debug|Any CPU
		{83D04DBF-C744-4190-B10A-F1C01487F249}.Release|Any CPU.ActiveCfg = Release|Any CPU
		{83D04DBF-C744-4190-B10A-F1C01487F249}.Release|Any CPU.Build.0 = Release|Any CPU
		{81CD5F0B-A144-4D1A-99F4-F6B29071CD12}.Debug|Any CPU.ActiveCfg = Debug|Any CPU
		{81CD5F0B-A144-4D1A-99F4-F6B29071CD12}.Debug|Any CPU.Build.0 = Debug|Any CPU
		{81CD5F0B-A144-4D1A-99F4-F6B29071CD12}.Release|Any CPU.ActiveCfg = Release|Any CPU
		{81CD5F0B-A144-4D1A-99F4-F6B29071CD12}.Release|Any CPU.Build.0 = Release|Any CPU
		{908DC439-7AFB-4030-AF17-56875BD482A5}.Debug|Any CPU.ActiveCfg = Debug|Any CPU
		{908DC439-7AFB-4030-AF17-56875BD482A5}.Debug|Any CPU.Build.0 = Debug|Any CPU
		{908DC439-7AFB-4030-AF17-56875BD482A5}.Release|Any CPU.ActiveCfg = Release|Any CPU
		{908DC439-7AFB-4030-AF17-56875BD482A5}.Release|Any CPU.Build.0 = Release|Any CPU
	EndGlobalSection
	GlobalSection(SolutionProperties) = preSolution
		HideSolutionNode = FALSE
	EndGlobalSection
EndGlobal
